
Microsoft Visual Studio Solution File, Format Version 12.00
# Visual Studio Version 17
VisualStudioVersion = 17.12.35424.110
MinimumVisualStudioVersion = 10.0.40219.1
Project("{FAE04EC0-301F-11D3-BF4B-00C04F79EFBC}") = "LemonPlatform.Wpf", "LemonPlatform.Wpf\LemonPlatform.Wpf.csproj", "{35BC0DC2-7765-457D-A66A-70DCE2716BC3}"
EndProject
Project("{2150E333-8FDC-42A3-9474-1A3956D46DE8}") = "solution items", "solution items", "{838AA830-DD75-40C1-A9A1-20737F519241}"
	ProjectSection(SolutionItems) = preProject
		.gitattributes = .gitattributes
		.gitignore = .gitignore
		Directory.Build.props = Directory.Build.props
		Directory.Packages.props = Directory.Packages.props
		LICENSE.txt = LICENSE.txt
		README.md = README.md
	EndProjectSection
EndProject
Project("{FAE04EC0-301F-11D3-BF4B-00C04F79EFBC}") = "LemonPlatform.Core", "LemonPlatform.Core\LemonPlatform.Core.csproj", "{A508B86C-B60C-48CC-9AE4-6F9E79F860A4}"
EndProject
Project("{2150E333-8FDC-42A3-9474-1A3956D46DE8}") = "libraries", "libraries", "{02EA681E-C7D8-13C7-8484-4AC65E1B71E8}"
EndProject
Project("{FAE04EC0-301F-11D3-BF4B-00C04F79EFBC}") = "LemonPlatform.BusyIndicator", "LemonPlatform.BusyIndicator\LemonPlatform.BusyIndicator.csproj", "{B7D8F202-34C5-4E2B-A6AA-023FB5C5FE40}"
EndProject
Project("{FAE04EC0-301F-11D3-BF4B-00C04F79EFBC}") = "LemonPlatform.CustomControls", "LemonPlatform.CustomControls\LemonPlatform.CustomControls.csproj", "{AEFBE653-F75B-4A4C-A004-76A7F32CFD44}"
EndProject
Project("{2150E333-8FDC-42A3-9474-1A3956D46DE8}") = "modules", "modules", "{02EA681E-C7D8-13C7-8484-4AC65E1B71E8}"
EndProject
Project("{FAE04EC0-301F-11D3-BF4B-00C04F79EFBC}") = "LemonPlatform.Module.Algorithm", "LemonPlatform.Module.Algorithm\LemonPlatform.Module.Algorithm.csproj", "{AFF3177C-3E30-82D0-763B-F8B787DFC799}"
EndProject
Project("{FAE04EC0-301F-11D3-BF4B-00C04F79EFBC}") = "LemonPlatform.Module.DataStructure", "LemonPlatform.Module.DataStructure\LemonPlatform.Module.DataStructure.csproj", "{69A7D6C2-A485-5759-32D1-5209725E7F56}"
EndProject
Project("{FAE04EC0-301F-11D3-BF4B-00C04F79EFBC}") = "LemonPlatform.Module.Game", "LemonPlatform.Module.Game\LemonPlatform.Module.Game.csproj", "{ECCEB89C-89A8-A84E-CFA4-2ECDD526A2B8}"
EndProject
Project("{FAE04EC0-301F-11D3-BF4B-00C04F79EFBC}") = "LemonPlatform.Module.Graph", "LemonPlatform.Module.Graph\LemonPlatform.Module.Graph.csproj", "{E5ECE13D-97EB-3A41-5995-75E40DA7A515}"
EndProject
Project("{FAE04EC0-301F-11D3-BF4B-00C04F79EFBC}") = "LemonPlatform.Module.Tools", "LemonPlatform.Module.Tools\LemonPlatform.Module.Tools.csproj", "{0A5401FD-9D3B-64A4-6BCC-630510F76095}"
EndProject
Project("{FAE04EC0-301F-11D3-BF4B-00C04F79EFBC}") = "LemonPlatform.Module.Visualization", "LemonPlatform.Module.Visualization\LemonPlatform.Module.Visualization.csproj", "{90A3CD04-9172-2246-810F-1947984EC841}"
EndProject
Global
	GlobalSection(SolutionConfigurationPlatforms) = preSolution
		Debug|Any CPU = Debug|Any CPU
		Release|Any CPU = Release|Any CPU
	EndGlobalSection
	GlobalSection(ProjectConfigurationPlatforms) = postSolution
		{35BC0DC2-7765-457D-A66A-70DCE2716BC3}.Debug|Any CPU.ActiveCfg = Debug|Any CPU
		{35BC0DC2-7765-457D-A66A-70DCE2716BC3}.Debug|Any CPU.Build.0 = Debug|Any CPU
		{35BC0DC2-7765-457D-A66A-70DCE2716BC3}.Release|Any CPU.ActiveCfg = Release|Any CPU
		{35BC0DC2-7765-457D-A66A-70DCE2716BC3}.Release|Any CPU.Build.0 = Release|Any CPU
		{A508B86C-B60C-48CC-9AE4-6F9E79F860A4}.Debug|Any CPU.ActiveCfg = Debug|Any CPU
		{A508B86C-B60C-48CC-9AE4-6F9E79F860A4}.Debug|Any CPU.Build.0 = Debug|Any CPU
		{A508B86C-B60C-48CC-9AE4-6F9E79F860A4}.Release|Any CPU.ActiveCfg = Release|Any CPU
		{A508B86C-B60C-48CC-9AE4-6F9E79F860A4}.Release|Any CPU.Build.0 = Release|Any CPU
		{B7D8F202-34C5-4E2B-A6AA-023FB5C5FE40}.Debug|Any CPU.ActiveCfg = Debug|Any CPU
		{B7D8F202-34C5-4E2B-A6AA-023FB5C5FE40}.Debug|Any CPU.Build.0 = Debug|Any CPU
		{B7D8F202-34C5-4E2B-A6AA-023FB5C5FE40}.Release|Any CPU.ActiveCfg = Release|Any CPU
		{B7D8F202-34C5-4E2B-A6AA-023FB5C5FE40}.Release|Any CPU.Build.0 = Release|Any CPU
		{AEFBE653-F75B-4A4C-A004-76A7F32CFD44}.Debug|Any CPU.ActiveCfg = Debug|Any CPU
		{AEFBE653-F75B-4A4C-A004-76A7F32CFD44}.Debug|Any CPU.Build.0 = Debug|Any CPU
		{AEFBE653-F75B-4A4C-A004-76A7F32CFD44}.Release|Any CPU.ActiveCfg = Release|Any CPU
		{AEFBE653-F75B-4A4C-A004-76A7F32CFD44}.Release|Any CPU.Build.0 = Release|Any CPU
		{AFF3177C-3E30-82D0-763B-F8B787DFC799}.Debug|Any CPU.ActiveCfg = Debug|Any CPU
		{AFF3177C-3E30-82D0-763B-F8B787DFC799}.Debug|Any CPU.Build.0 = Debug|Any CPU
		{AFF3177C-3E30-82D0-763B-F8B787DFC799}.Release|Any CPU.ActiveCfg = Release|Any CPU
		{AFF3177C-3E30-82D0-763B-F8B787DFC799}.Release|Any CPU.Build.0 = Release|Any CPU
		{69A7D6C2-A485-5759-32D1-5209725E7F56}.Debug|Any CPU.ActiveCfg = Debug|Any CPU
		{69A7D6C2-A485-5759-32D1-5209725E7F56}.Debug|Any CPU.Build.0 = Debug|Any CPU
		{69A7D6C2-A485-5759-32D1-5209725E7F56}.Release|Any CPU.ActiveCfg = Release|Any CPU
		{69A7D6C2-A485-5759-32D1-5209725E7F56}.Release|Any CPU.Build.0 = Release|Any CPU
		{ECCEB89C-89A8-A84E-CFA4-2ECDD526A2B8}.Debug|Any CPU.ActiveCfg = Debug|Any CPU
		{ECCEB89C-89A8-A84E-CFA4-2ECDD526A2B8}.Debug|Any CPU.Build.0 = Debug|Any CPU
		{ECCEB89C-89A8-A84E-CFA4-2ECDD526A2B8}.Release|Any CPU.ActiveCfg = Release|Any CPU
		{ECCEB89C-89A8-A84E-CFA4-2ECDD526A2B8}.Release|Any CPU.Build.0 = Release|Any CPU
		{E5ECE13D-97EB-3A41-5995-75E40DA7A515}.Debug|Any CPU.ActiveCfg = Debug|Any CPU
		{E5ECE13D-97EB-3A41-5995-75E40DA7A515}.Debug|Any CPU.Build.0 = Debug|Any CPU
		{E5ECE13D-97EB-3A41-5995-75E40DA7A515}.Release|Any CPU.ActiveCfg = Release|Any CPU
		{E5ECE13D-97EB-3A41-5995-75E40DA7A515}.Release|Any CPU.Build.0 = Release|Any CPU
		{0A5401FD-9D3B-64A4-6BCC-630510F76095}.Debug|Any CPU.ActiveCfg = Debug|Any CPU
		{0A5401FD-9D3B-64A4-6BCC-630510F76095}.Debug|Any CPU.Build.0 = Debug|Any CPU
		{0A5401FD-9D3B-64A4-6BCC-630510F76095}.Release|Any CPU.ActiveCfg = Release|Any CPU
		{0A5401FD-9D3B-64A4-6BCC-630510F76095}.Release|Any CPU.Build.0 = Release|Any CPU
		{90A3CD04-9172-2246-810F-1947984EC841}.Debug|Any CPU.ActiveCfg = Debug|Any CPU
		{90A3CD04-9172-2246-810F-1947984EC841}.Debug|Any CPU.Build.0 = Debug|Any CPU
		{90A3CD04-9172-2246-810F-1947984EC841}.Release|Any CPU.ActiveCfg = Release|Any CPU
		{90A3CD04-9172-2246-810F-1947984EC841}.Release|Any CPU.Build.0 = Release|Any CPU
	EndGlobalSection
	GlobalSection(SolutionProperties) = preSolution
		HideSolutionNode = FALSE
	EndGlobalSection
	GlobalSection(NestedProjects) = preSolution
		{B7D8F202-34C5-4E2B-A6AA-023FB5C5FE40} = {02EA681E-C7D8-13C7-8484-4AC65E1B71E8}
		{AEFBE653-F75B-4A4C-A004-76A7F32CFD44} = {02EA681E-C7D8-13C7-8484-4AC65E1B71E8}
		{AFF3177C-3E30-82D0-763B-F8B787DFC799} = {02EA681E-C7D8-13C7-8484-4AC65E1B71E8}
		{69A7D6C2-A485-5759-32D1-5209725E7F56} = {02EA681E-C7D8-13C7-8484-4AC65E1B71E8}
		{ECCEB89C-89A8-A84E-CFA4-2ECDD526A2B8} = {02EA681E-C7D8-13C7-8484-4AC65E1B71E8}
		{E5ECE13D-97EB-3A41-5995-75E40DA7A515} = {02EA681E-C7D8-13C7-8484-4AC65E1B71E8}
		{0A5401FD-9D3B-64A4-6BCC-630510F76095} = {02EA681E-C7D8-13C7-8484-4AC65E1B71E8}
		{90A3CD04-9172-2246-810F-1947984EC841} = {02EA681E-C7D8-13C7-8484-4AC65E1B71E8}
	EndGlobalSection
	GlobalSection(ExtensibilityGlobals) = postSolution
		SolutionGuid = {8F28D13C-E0E5-4BFE-AAB8-83F44715B622}
	EndGlobalSection
EndGlobal
